
Microsoft Visual Studio Solution File, Format Version 12.00
# Visual Studio Version 17
VisualStudioVersion = 17.5.33530.505
MinimumVisualStudioVersion = 10.0.40219.1
Project("{FAE04EC0-301F-11D3-BF4B-00C04F79EFBC}") = "Watch Website", "Watch Website\Watch Website.csproj", "{31D1AC35-F38B-410F-AF80-15E69E54D353}"
EndProject
Global
	GlobalSection(SolutionConfigurationPlatforms) = preSolution
		Debug|Any CPU = Debug|Any CPU
		Release|Any CPU = Release|Any CPU
	EndGlobalSection
	GlobalSection(ProjectConfigurationPlatforms) = postSolution
		{31D1AC35-F38B-410F-AF80-15E69E54D353}.Debug|Any CPU.ActiveCfg = Debug|Any CPU
		{31D1AC35-F38B-410F-AF80-15E69E54D353}.Debug|Any CPU.Build.0 = Debug|Any CPU
		{31D1AC35-F38B-410F-AF80-15E69E54D353}.Release|Any CPU.ActiveCfg = Release|Any CPU
		{31D1AC35-F38B-410F-AF80-15E69E54D353}.Release|Any CPU.Build.0 = Release|Any CPU
	EndGlobalSection
	GlobalSection(SolutionProperties) = preSolution
		HideSolutionNode = FALSE
	EndGlobalSection
	GlobalSection(ExtensibilityGlobals) = postSolution
		SolutionGuid = {8C617CEC-8247-41EE-83B8-70DF990A10AE}
	EndGlobalSection
EndGlobal
